// !$*UTF8*$!
{
	archiveVersion = 1;
	classes = {
	};
	objectVersion = 55;
	objects = {

/* Begin PBXBuildFile section */
		070B297328DB88FD00811553 /* WelcomeViewController.swift in Sources */ = {isa = PBXBuildFile; fileRef = 070B296A28DB88FB00811553 /* WelcomeViewController.swift */; };
		070B297428DB88FD00811553 /* LoginViewController.swift in Sources */ = {isa = PBXBuildFile; fileRef = 070B296B28DB88FB00811553 /* LoginViewController.swift */; };
		070B297528DB88FD00811553 /* Message.swift in Sources */ = {isa = PBXBuildFile; fileRef = 070B296C28DB88FC00811553 /* Message.swift */; };
		070B297628DB88FD00811553 /* RegisterViewController.swift in Sources */ = {isa = PBXBuildFile; fileRef = 070B296D28DB88FC00811553 /* RegisterViewController.swift */; };
		070B297728DB88FD00811553 /* MessageCell.swift in Sources */ = {isa = PBXBuildFile; fileRef = 070B296E28DB88FC00811553 /* MessageCell.swift */; };
		070B297828DB88FD00811553 /* Main.storyboard in Resources */ = {isa = PBXBuildFile; fileRef = 070B296F28DB88FC00811553 /* Main.storyboard */; };
		070B297928DB88FD00811553 /* MessageCell.xib in Resources */ = {isa = PBXBuildFile; fileRef = 070B297028DB88FD00811553 /* MessageCell.xib */; };
		070B297A28DB88FD00811553 /* ChatViewController.swift in Sources */ = {isa = PBXBuildFile; fileRef = 070B297128DB88FD00811553 /* ChatViewController.swift */; };
		070B297B28DB88FD00811553 /* Constants.swift in Sources */ = {isa = PBXBuildFile; fileRef = 070B297228DB88FD00811553 /* Constants.swift */; };
		075F80F228DB7CA100F1B80B /* AppDelegate.swift in Sources */ = {isa = PBXBuildFile; fileRef = 075F80F128DB7CA100F1B80B /* AppDelegate.swift */; };
		075F80F428DB7CA100F1B80B /* SceneDelegate.swift in Sources */ = {isa = PBXBuildFile; fileRef = 075F80F328DB7CA100F1B80B /* SceneDelegate.swift */; };
		075F80FB28DB7CA200F1B80B /* Assets.xcassets in Resources */ = {isa = PBXBuildFile; fileRef = 075F80FA28DB7CA200F1B80B /* Assets.xcassets */; };
		075F80FE28DB7CA200F1B80B /* LaunchScreen.storyboard in Resources */ = {isa = PBXBuildFile; fileRef = 075F80FC28DB7CA200F1B80B /* LaunchScreen.storyboard */; };
		075F810628DB7D0000F1B80B /* GoogleService-Info.plist in Resources */ = {isa = PBXBuildFile; fileRef = 075F810528DB7D0000F1B80B /* GoogleService-Info.plist */; };
		DDEE70C9C839DB9A9F04B4A8 /* Pods_walkie_talkie.framework in Frameworks */ = {isa = PBXBuildFile; fileRef = 3C40172CAD5D75A22AFDB656 /* Pods_walkie_talkie.framework */; };
/* End PBXBuildFile section */

/* Begin PBXFileReference section */
		070B296A28DB88FB00811553 /* WelcomeViewController.swift */ = {isa = PBXFileReference; fileEncoding = 4; lastKnownFileType = sourcecode.swift; path = WelcomeViewController.swift; sourceTree = "<group>"; };
		070B296B28DB88FB00811553 /* LoginViewController.swift */ = {isa = PBXFileReference; fileEncoding = 4; lastKnownFileType = sourcecode.swift; path = LoginViewController.swift; sourceTree = "<group>"; };
		070B296C28DB88FC00811553 /* Message.swift */ = {isa = PBXFileReference; fileEncoding = 4; lastKnownFileType = sourcecode.swift; path = Message.swift; sourceTree = "<group>"; };
		070B296D28DB88FC00811553 /* RegisterViewController.swift */ = {isa = PBXFileReference; fileEncoding = 4; lastKnownFileType = sourcecode.swift; path = RegisterViewController.swift; sourceTree = "<group>"; };
		070B296E28DB88FC00811553 /* MessageCell.swift */ = {isa = PBXFileReference; fileEncoding = 4; lastKnownFileType = sourcecode.swift; path = MessageCell.swift; sourceTree = "<group>"; };
		070B296F28DB88FC00811553 /* Main.storyboard */ = {isa = PBXFileReference; fileEncoding = 4; lastKnownFileType = file.storyboard; path = Main.storyboard; sourceTree = "<group>"; };
		070B297028DB88FD00811553 /* MessageCell.xib */ = {isa = PBXFileReference; fileEncoding = 4; lastKnownFileType = file.xib; path = MessageCell.xib; sourceTree = "<group>"; };
		070B297128DB88FD00811553 /* ChatViewController.swift */ = {isa = PBXFileReference; fileEncoding = 4; lastKnownFileType = sourcecode.swift; path = ChatViewController.swift; sourceTree = "<group>"; };
		070B297228DB88FD00811553 /* Constants.swift */ = {isa = PBXFileReference; fileEncoding = 4; lastKnownFileType = sourcecode.swift; name = Constants.swift; path = "../../../../../../Documents/Flash-Chat-iOS13-Completed/Flash Chat iOS13/Constants.swift"; sourceTree = "<group>"; };
		075F80EE28DB7CA100F1B80B /* walkie-talkie.app */ = {isa = PBXFileReference; explicitFileType = wrapper.application; includeInIndex = 0; path = "walkie-talkie.app"; sourceTree = BUILT_PRODUCTS_DIR; };
		075F80F128DB7CA100F1B80B /* AppDelegate.swift */ = {isa = PBXFileReference; lastKnownFileType = sourcecode.swift; path = AppDelegate.swift; sourceTree = "<group>"; };
		075F80F328DB7CA100F1B80B /* SceneDelegate.swift */ = {isa = PBXFileReference; lastKnownFileType = sourcecode.swift; path = SceneDelegate.swift; sourceTree = "<group>"; };
		075F80FA28DB7CA200F1B80B /* Assets.xcassets */ = {isa = PBXFileReference; lastKnownFileType = folder.assetcatalog; path = Assets.xcassets; sourceTree = "<group>"; };
		075F80FD28DB7CA200F1B80B /* Base */ = {isa = PBXFileReference; lastKnownFileType = file.storyboard; name = Base; path = Base.lproj/LaunchScreen.storyboard; sourceTree = "<group>"; };
		075F80FF28DB7CA200F1B80B /* Info.plist */ = {isa = PBXFileReference; lastKnownFileType = text.plist.xml; path = Info.plist; sourceTree = "<group>"; };
		075F810528DB7D0000F1B80B /* GoogleService-Info.plist */ = {isa = PBXFileReference; fileEncoding = 4; lastKnownFileType = text.plist.xml; path = "GoogleService-Info.plist"; sourceTree = "<group>"; };
		3C40172CAD5D75A22AFDB656 /* Pods_walkie_talkie.framework */ = {isa = PBXFileReference; explicitFileType = wrapper.framework; includeInIndex = 0; path = Pods_walkie_talkie.framework; sourceTree = BUILT_PRODUCTS_DIR; };
		6E8C2CD9337D287231690854 /* Pods-walkie-talkie.debug.xcconfig */ = {isa = PBXFileReference; includeInIndex = 1; lastKnownFileType = text.xcconfig; name = "Pods-walkie-talkie.debug.xcconfig"; path = "Target Support Files/Pods-walkie-talkie/Pods-walkie-talkie.debug.xcconfig"; sourceTree = "<group>"; };
		8F35FFDBD3A1A9135885B5A9 /* Pods-walkie-talkie.release.xcconfig */ = {isa = PBXFileReference; includeInIndex = 1; lastKnownFileType = text.xcconfig; name = "Pods-walkie-talkie.release.xcconfig"; path = "Target Support Files/Pods-walkie-talkie/Pods-walkie-talkie.release.xcconfig"; sourceTree = "<group>"; };
/* End PBXFileReference section */

/* Begin PBXFrameworksBuildPhase section */
		075F80EB28DB7CA100F1B80B /* Frameworks */ = {
			isa = PBXFrameworksBuildPhase;
			buildActionMask = 2147483647;
			files = (
				DDEE70C9C839DB9A9F04B4A8 /* Pods_walkie_talkie.framework in Frameworks */,
			);
			runOnlyForDeploymentPostprocessing = 0;
		};
/* End PBXFrameworksBuildPhase section */

/* Begin PBXGroup section */
		070B297C28DB8AFF00811553 /* Controller */ = {
			isa = PBXGroup;
			children = (
				070B297128DB88FD00811553 /* ChatViewController.swift */,
				070B296B28DB88FB00811553 /* LoginViewController.swift */,
				070B296D28DB88FC00811553 /* RegisterViewController.swift */,
				070B296A28DB88FB00811553 /* WelcomeViewController.swift */,
			);
			path = Controller;
			sourceTree = "<group>";
		};
		070B297D28DB8B1300811553 /* Views */ = {
			isa = PBXGroup;
			children = (
				070B296F28DB88FC00811553 /* Main.storyboard */,
				070B296E28DB88FC00811553 /* MessageCell.swift */,
				070B297028DB88FD00811553 /* MessageCell.xib */,
			);
			path = Views;
			sourceTree = "<group>";
		};
		075F80E528DB7CA100F1B80B = {
			isa = PBXGroup;
			children = (
				075F80F028DB7CA100F1B80B /* walkie-talkie */,
				075F80EF28DB7CA100F1B80B /* Products */,
				81ABBF4D023A6920B35A6B5D /* Pods */,
				2D9F8D240A033B88C9FBBC66 /* Frameworks */,
			);
			sourceTree = "<group>";
		};
		075F80EF28DB7CA100F1B80B /* Products */ = {
			isa = PBXGroup;
			children = (
				075F80EE28DB7CA100F1B80B /* walkie-talkie.app */,
			);
			name = Products;
			sourceTree = "<group>";
		};
		075F80F028DB7CA100F1B80B /* walkie-talkie */ = {
			isa = PBXGroup;
			children = (
				075F80F128DB7CA100F1B80B /* AppDelegate.swift */,
				070B297C28DB8AFF00811553 /* Controller */,
				070B297228DB88FD00811553 /* Constants.swift */,
				070B297D28DB8B1300811553 /* Views */,
				070B296C28DB88FC00811553 /* Message.swift */,
				075F80F328DB7CA100F1B80B /* SceneDelegate.swift */,
				075F80FA28DB7CA200F1B80B /* Assets.xcassets */,
				075F80FC28DB7CA200F1B80B /* LaunchScreen.storyboard */,
				075F80FF28DB7CA200F1B80B /* Info.plist */,
				075F810528DB7D0000F1B80B /* GoogleService-Info.plist */,
			);
			path = "walkie-talkie";
			sourceTree = "<group>";
		};
		2D9F8D240A033B88C9FBBC66 /* Frameworks */ = {
			isa = PBXGroup;
			children = (
				3C40172CAD5D75A22AFDB656 /* Pods_walkie_talkie.framework */,
			);
			name = Frameworks;
			sourceTree = "<group>";
		};
		81ABBF4D023A6920B35A6B5D /* Pods */ = {
			isa = PBXGroup;
			children = (
				6E8C2CD9337D287231690854 /* Pods-walkie-talkie.debug.xcconfig */,
				8F35FFDBD3A1A9135885B5A9 /* Pods-walkie-talkie.release.xcconfig */,
			);
			path = Pods;
			sourceTree = "<group>";
		};
/* End PBXGroup section */

/* Begin PBXNativeTarget section */
		075F80ED28DB7CA100F1B80B /* walkie-talkie */ = {
			isa = PBXNativeTarget;
			buildConfigurationList = 075F810228DB7CA200F1B80B /* Build configuration list for PBXNativeTarget "walkie-talkie" */;
			buildPhases = (
				23A9A4D5F170E2CB4F12E006 /* [CP] Check Pods Manifest.lock */,
				075F80EA28DB7CA100F1B80B /* Sources */,
				075F80EB28DB7CA100F1B80B /* Frameworks */,
				075F80EC28DB7CA100F1B80B /* Resources */,
				38E1BCC2B449246A46A1A71A /* [CP] Embed Pods Frameworks */,
			);
			buildRules = (
			);
			dependencies = (
			);
			name = "walkie-talkie";
			productName = "walkie-talkie";
			productReference = 075F80EE28DB7CA100F1B80B /* walkie-talkie.app */;
			productType = "com.apple.product-type.application";
		};
/* End PBXNativeTarget section */

/* Begin PBXProject section */
		075F80E628DB7CA100F1B80B /* Project object */ = {
			isa = PBXProject;
			attributes = {
				BuildIndependentTargetsInParallel = 1;
				LastSwiftUpdateCheck = 1340;
				LastUpgradeCheck = 1340;
				TargetAttributes = {
					075F80ED28DB7CA100F1B80B = {
						CreatedOnToolsVersion = 13.4.1;
					};
				};
			};
			buildConfigurationList = 075F80E928DB7CA100F1B80B /* Build configuration list for PBXProject "walkie-talkie" */;
			compatibilityVersion = "Xcode 13.0";
			developmentRegion = en;
			hasScannedForEncodings = 0;
			knownRegions = (
				en,
				Base,
			);
			mainGroup = 075F80E528DB7CA100F1B80B;
			packageReferences = (
			);
			productRefGroup = 075F80EF28DB7CA100F1B80B /* Products */;
			projectDirPath = "";
			projectRoot = "";
			targets = (
				075F80ED28DB7CA100F1B80B /* walkie-talkie */,
			);
		};
/* End PBXProject section */

/* Begin PBXResourcesBuildPhase section */
		075F80EC28DB7CA100F1B80B /* Resources */ = {
			isa = PBXResourcesBuildPhase;
			buildActionMask = 2147483647;
			files = (
				070B297928DB88FD00811553 /* MessageCell.xib in Resources */,
				075F810628DB7D0000F1B80B /* GoogleService-Info.plist in Resources */,
				075F80FE28DB7CA200F1B80B /* LaunchScreen.storyboard in Resources */,
				075F80FB28DB7CA200F1B80B /* Assets.xcassets in Resources */,
				070B297828DB88FD00811553 /* Main.storyboard in Resources */,
			);
			runOnlyForDeploymentPostprocessing = 0;
		};
/* End PBXResourcesBuildPhase section */

/* Begin PBXShellScriptBuildPhase section */
		23A9A4D5F170E2CB4F12E006 /* [CP] Check Pods Manifest.lock */ = {
			isa = PBXShellScriptBuildPhase;
			buildActionMask = 2147483647;
			files = (
			);
			inputFileListPaths = (
			);
			inputPaths = (
				"${PODS_PODFILE_DIR_PATH}/Podfile.lock",
				"${PODS_ROOT}/Manifest.lock",
			);
			name = "[CP] Check Pods Manifest.lock";
			outputFileListPaths = (
			);
			outputPaths = (
				"$(DERIVED_FILE_DIR)/Pods-walkie-talkie-checkManifestLockResult.txt",
			);
			runOnlyForDeploymentPostprocessing = 0;
			shellPath = /bin/sh;
			shellScript = "diff \"${PODS_PODFILE_DIR_PATH}/Podfile.lock\" \"${PODS_ROOT}/Manifest.lock\" > /dev/null\nif [ $? != 0 ] ; then\n    # print error to STDERR\n    echo \"error: The sandbox is not in sync with the Podfile.lock. Run 'pod install' or update your CocoaPods installation.\" >&2\n    exit 1\nfi\n# This output is used by Xcode 'outputs' to avoid re-running this script phase.\necho \"SUCCESS\" > \"${SCRIPT_OUTPUT_FILE_0}\"\n";
			showEnvVarsInLog = 0;
		};
		38E1BCC2B449246A46A1A71A /* [CP] Embed Pods Frameworks */ = {
			isa = PBXShellScriptBuildPhase;
			buildActionMask = 2147483647;
			files = (
			);
			inputFileListPaths = (
				"${PODS_ROOT}/Target Support Files/Pods-walkie-talkie/Pods-walkie-talkie-frameworks-${CONFIGURATION}-input-files.xcfilelist",
			);
			name = "[CP] Embed Pods Frameworks";
			outputFileListPaths = (
				"${PODS_ROOT}/Target Support Files/Pods-walkie-talkie/Pods-walkie-talkie-frameworks-${CONFIGURATION}-output-files.xcfilelist",
			);
			runOnlyForDeploymentPostprocessing = 0;
			shellPath = /bin/sh;
			shellScript = "\"${PODS_ROOT}/Target Support Files/Pods-walkie-talkie/Pods-walkie-talkie-frameworks.sh\"\n";
			showEnvVarsInLog = 0;
		};
/* End PBXShellScriptBuildPhase section */

/* Begin PBXSourcesBuildPhase section */
		075F80EA28DB7CA100F1B80B /* Sources */ = {
			isa = PBXSourcesBuildPhase;
			buildActionMask = 2147483647;
			files = (
				070B297428DB88FD00811553 /* LoginViewController.swift in Sources */,
				070B297328DB88FD00811553 /* WelcomeViewController.swift in Sources */,
				070B297A28DB88FD00811553 /* ChatViewController.swift in Sources */,
				070B297528DB88FD00811553 /* Message.swift in Sources */,
				070B297628DB88FD00811553 /* RegisterViewController.swift in Sources */,
				075F80F228DB7CA100F1B80B /* AppDelegate.swift in Sources */,
				075F80F428DB7CA100F1B80B /* SceneDelegate.swift in Sources */,
				070B297728DB88FD00811553 /* MessageCell.swift in Sources */,
				070B297B28DB88FD00811553 /* Constants.swift in Sources */,
			);
			runOnlyForDeploymentPostprocessing = 0;
		};
/* End PBXSourcesBuildPhase section */

/* Begin PBXVariantGroup section */
		075F80FC28DB7CA200F1B80B /* LaunchScreen.storyboard */ = {
			isa = PBXVariantGroup;
			children = (
				075F80FD28DB7CA200F1B80B /* Base */,
			);
			name = LaunchScreen.storyboard;
			sourceTree = "<group>";
		};
/* End PBXVariantGroup section */

/* Begin XCBuildConfiguration section */
		075F810028DB7CA200F1B80B /* Debug */ = {
			isa = XCBuildConfiguration;
			buildSettings = {
				ALWAYS_SEARCH_USER_PATHS = NO;
				CLANG_ANALYZER_NONNULL = YES;
				CLANG_ANALYZER_NUMBER_OBJECT_CONVERSION = YES_AGGRESSIVE;
				CLANG_CXX_LANGUAGE_STANDARD = "gnu++17";
				CLANG_ENABLE_MODULES = YES;
				CLANG_ENABLE_OBJC_ARC = YES;
				CLANG_ENABLE_OBJC_WEAK = YES;
				CLANG_WARN_BLOCK_CAPTURE_AUTORELEASING = YES;
				CLANG_WARN_BOOL_CONVERSION = YES;
				CLANG_WARN_COMMA = YES;
				CLANG_WARN_CONSTANT_CONVERSION = YES;
				CLANG_WARN_DEPRECATED_OBJC_IMPLEMENTATIONS = YES;
				CLANG_WARN_DIRECT_OBJC_ISA_USAGE = YES_ERROR;
				CLANG_WARN_DOCUMENTATION_COMMENTS = YES;
				CLANG_WARN_EMPTY_BODY = YES;
				CLANG_WARN_ENUM_CONVERSION = YES;
				CLANG_WARN_INFINITE_RECURSION = YES;
				CLANG_WARN_INT_CONVERSION = YES;
				CLANG_WARN_NON_LITERAL_NULL_CONVERSION = YES;
				CLANG_WARN_OBJC_IMPLICIT_RETAIN_SELF = YES;
				CLANG_WARN_OBJC_LITERAL_CONVERSION = YES;
				CLANG_WARN_OBJC_ROOT_CLASS = YES_ERROR;
				CLANG_WARN_QUOTED_INCLUDE_IN_FRAMEWORK_HEADER = YES;
				CLANG_WARN_RANGE_LOOP_ANALYSIS = YES;
				CLANG_WARN_STRICT_PROTOTYPES = YES;
				CLANG_WARN_SUSPICIOUS_MOVE = YES;
				CLANG_WARN_UNGUARDED_AVAILABILITY = YES_AGGRESSIVE;
				CLANG_WARN_UNREACHABLE_CODE = YES;
				CLANG_WARN__DUPLICATE_METHOD_MATCH = YES;
				COPY_PHASE_STRIP = NO;
				DEBUG_INFORMATION_FORMAT = dwarf;
				ENABLE_STRICT_OBJC_MSGSEND = YES;
				ENABLE_TESTABILITY = YES;
				GCC_C_LANGUAGE_STANDARD = gnu11;
				GCC_DYNAMIC_NO_PIC = NO;
				GCC_NO_COMMON_BLOCKS = YES;
				GCC_OPTIMIZATION_LEVEL = 0;
				GCC_PREPROCESSOR_DEFINITIONS = (
					"DEBUG=1",
					"$(inherited)",
				);
				GCC_WARN_64_TO_32_BIT_CONVERSION = YES;
				GCC_WARN_ABOUT_RETURN_TYPE = YES_ERROR;
				GCC_WARN_UNDECLARED_SELECTOR = YES;
				GCC_WARN_UNINITIALIZED_AUTOS = YES_AGGRESSIVE;
				GCC_WARN_UNUSED_FUNCTION = YES;
				GCC_WARN_UNUSED_VARIABLE = YES;
				IPHONEOS_DEPLOYMENT_TARGET = 15.5;
				MTL_ENABLE_DEBUG_INFO = INCLUDE_SOURCE;
				MTL_FAST_MATH = YES;
				ONLY_ACTIVE_ARCH = YES;
				SDKROOT = iphoneos;
				SWIFT_ACTIVE_COMPILATION_CONDITIONS = DEBUG;
				SWIFT_OPTIMIZATION_LEVEL = "-Onone";
			};
			name = Debug;
		};
		075F810128DB7CA200F1B80B /* Release */ = {
			isa = XCBuildConfiguration;
			buildSettings = {
				ALWAYS_SEARCH_USER_PATHS = NO;
				CLANG_ANALYZER_NONNULL = YES;
				CLANG_ANALYZER_NUMBER_OBJECT_CONVERSION = YES_AGGRESSIVE;
				CLANG_CXX_LANGUAGE_STANDARD = "gnu++17";
				CLANG_ENABLE_MODULES = YES;
				CLANG_ENABLE_OBJC_ARC = YES;
				CLANG_ENABLE_OBJC_WEAK = YES;
				CLANG_WARN_BLOCK_CAPTURE_AUTORELEASING = YES;
				CLANG_WARN_BOOL_CONVERSION = YES;
				CLANG_WARN_COMMA = YES;
				CLANG_WARN_CONSTANT_CONVERSION = YES;
				CLANG_WARN_DEPRECATED_OBJC_IMPLEMENTATIONS = YES;
				CLANG_WARN_DIRECT_OBJC_ISA_USAGE = YES_ERROR;
				CLANG_WARN_DOCUMENTATION_COMMENTS = YES;
				CLANG_WARN_EMPTY_BODY = YES;
				CLANG_WARN_ENUM_CONVERSION = YES;
				CLANG_WARN_INFINITE_RECURSION = YES;
				CLANG_WARN_INT_CONVERSION = YES;
				CLANG_WARN_NON_LITERAL_NULL_CONVERSION = YES;
				CLANG_WARN_OBJC_IMPLICIT_RETAIN_SELF = YES;
				CLANG_WARN_OBJC_LITERAL_CONVERSION = YES;
				CLANG_WARN_OBJC_ROOT_CLASS = YES_ERROR;
				CLANG_WARN_QUOTED_INCLUDE_IN_FRAMEWORK_HEADER = YES;
				CLANG_WARN_RANGE_LOOP_ANALYSIS = YES;
				CLANG_WARN_STRICT_PROTOTYPES = YES;
				CLANG_WARN_SUSPICIOUS_MOVE = YES;
				CLANG_WARN_UNGUARDED_AVAILABILITY = YES_AGGRESSIVE;
				CLANG_WARN_UNREACHABLE_CODE = YES;
				CLANG_WARN__DUPLICATE_METHOD_MATCH = YES;
				COPY_PHASE_STRIP = NO;
				DEBUG_INFORMATION_FORMAT = "dwarf-with-dsym";
				ENABLE_NS_ASSERTIONS = NO;
				ENABLE_STRICT_OBJC_MSGSEND = YES;
				GCC_C_LANGUAGE_STANDARD = gnu11;
				GCC_NO_COMMON_BLOCKS = YES;
				GCC_WARN_64_TO_32_BIT_CONVERSION = YES;
				GCC_WARN_ABOUT_RETURN_TYPE = YES_ERROR;
				GCC_WARN_UNDECLARED_SELECTOR = YES;
				GCC_WARN_UNINITIALIZED_AUTOS = YES_AGGRESSIVE;
				GCC_WARN_UNUSED_FUNCTION = YES;
				GCC_WARN_UNUSED_VARIABLE = YES;
				IPHONEOS_DEPLOYMENT_TARGET = 15.5;
				MTL_ENABLE_DEBUG_INFO = NO;
				MTL_FAST_MATH = YES;
				SDKROOT = iphoneos;
				SWIFT_COMPILATION_MODE = wholemodule;
				SWIFT_OPTIMIZATION_LEVEL = "-O";
				VALIDATE_PRODUCT = YES;
			};
			name = Release;
		};
		075F810328DB7CA200F1B80B /* Debug */ = {
			isa = XCBuildConfiguration;
			baseConfigurationReference = 6E8C2CD9337D287231690854 /* Pods-walkie-talkie.debug.xcconfig */;
			buildSettings = {
				ASSETCATALOG_COMPILER_APPICON_NAME = AppIcon;
				ASSETCATALOG_COMPILER_GLOBAL_ACCENT_COLOR_NAME = AccentColor;
				CODE_SIGN_STYLE = Automatic;
				CURRENT_PROJECT_VERSION = 1;
				DEVELOPMENT_TEAM = P5K444356C;
				GENERATE_INFOPLIST_FILE = YES;
				INFOPLIST_FILE = "walkie-talkie/Info.plist";
				INFOPLIST_KEY_UIApplicationSupportsIndirectInputEvents = YES;
				INFOPLIST_KEY_UILaunchStoryboardName = LaunchScreen;
				INFOPLIST_KEY_UIMainStoryboardFile = Main;
				INFOPLIST_KEY_UISupportedInterfaceOrientations_iPad = "UIInterfaceOrientationPortrait UIInterfaceOrientationPortraitUpsideDown UIInterfaceOrientationLandscapeLeft UIInterfaceOrientationLandscapeRight";
				INFOPLIST_KEY_UISupportedInterfaceOrientations_iPhone = "UIInterfaceOrientationPortrait UIInterfaceOrientationLandscapeLeft UIInterfaceOrientationLandscapeRight";
				LD_RUNPATH_SEARCH_PATHS = (
					"$(inherited)",
					"@executable_path/Frameworks",
				);
				MARKETING_VERSION = 1.0;
				PRODUCT_BUNDLE_IDENTIFIER = "com.parpods.walkie-talkie";
				PRODUCT_NAME = "$(TARGET_NAME)";
				SWIFT_EMIT_LOC_STRINGS = YES;
				SWIFT_VERSION = 5.0;
				TARGETED_DEVICE_FAMILY = "1,2";
			};
			name = Debug;
		};
		075F810428DB7CA200F1B80B /* Release */ = {
			isa = XCBuildConfiguration;
			baseConfigurationReference = 8F35FFDBD3A1A9135885B5A9 /* Pods-walkie-talkie.release.xcconfig */;
			buildSettings = {
				ASSETCATALOG_COMPILER_APPICON_NAME = AppIcon;
				ASSETCATALOG_COMPILER_GLOBAL_ACCENT_COLOR_NAME = AccentColor;
				CODE_SIGN_STYLE = Automatic;
				CURRENT_PROJECT_VERSION = 1;
				DEVELOPMENT_TEAM = P5K444356C;
				GENERATE_INFOPLIST_FILE = YES;
				INFOPLIST_FILE = "walkie-talkie/Info.plist";
				INFOPLIST_KEY_UIApplicationSupportsIndirectInputEvents = YES;
				INFOPLIST_KEY_UILaunchStoryboardName = LaunchScreen;
				INFOPLIST_KEY_UIMainStoryboardFile = Main;
				INFOPLIST_KEY_UISupportedInterfaceOrientations_iPad = "UIInterfaceOrientationPortrait UIInterfaceOrientationPortraitUpsideDown UIInterfaceOrientationLandscapeLeft UIInterfaceOrientationLandscapeRight";
				INFOPLIST_KEY_UISupportedInterfaceOrientations_iPhone = "UIInterfaceOrientationPortrait UIInterfaceOrientationLandscapeLeft UIInterfaceOrientationLandscapeRight";
				LD_RUNPATH_SEARCH_PATHS = (
					"$(inherited)",
					"@executable_path/Frameworks",
				);
				MARKETING_VERSION = 1.0;
				PRODUCT_BUNDLE_IDENTIFIER = "com.parpods.walkie-talkie";
				PRODUCT_NAME = "$(TARGET_NAME)";
				SWIFT_EMIT_LOC_STRINGS = YES;
				SWIFT_VERSION = 5.0;
				TARGETED_DEVICE_FAMILY = "1,2";
			};
			name = Release;
		};
/* End XCBuildConfiguration section */

/* Begin XCConfigurationList section */
		075F80E928DB7CA100F1B80B /* Build configuration list for PBXProject "walkie-talkie" */ = {
			isa = XCConfigurationList;
			buildConfigurations = (
				075F810028DB7CA200F1B80B /* Debug */,
				075F810128DB7CA200F1B80B /* Release */,
			);
			defaultConfigurationIsVisible = 0;
			defaultConfigurationName = Release;
		};
		075F810228DB7CA200F1B80B /* Build configuration list for PBXNativeTarget "walkie-talkie" */ = {
			isa = XCConfigurationList;
			buildConfigurations = (
				075F810328DB7CA200F1B80B /* Debug */,
				075F810428DB7CA200F1B80B /* Release */,
			);
			defaultConfigurationIsVisible = 0;
			defaultConfigurationName = Release;
		};
/* End XCConfigurationList section */
	};
	rootObject = 075F80E628DB7CA100F1B80B /* Project object */;
}
